
Microsoft Visual Studio Solution File, Format Version 12.00
# Visual Studio 14
VisualStudioVersion = 14.0.25420.1
MinimumVisualStudioVersion = 10.0.40219.1
Project("{8BC9CEB8-8B4A-11D0-8D11-00A0C91BC942}") = "Kashyyyk2", "src\Kashyyyk2.vcxproj", "{6926CC57-555C-4A9F-AE1B-3A3E15434F94}"
	ProjectSection(ProjectDependencies) = postProject
		{F0391344-B3CA-4896-BF92-EFA96BE72DC2} = {F0391344-B3CA-4896-BF92-EFA96BE72DC2}
		{EB5F986A-9566-499F-BEC3-6E9DF3243BF1} = {EB5F986A-9566-499F-BEC3-6E9DF3243BF1}
		{1A177771-C5C0-455F-8ADC-D39EF6D26E25} = {1A177771-C5C0-455F-8ADC-D39EF6D26E25}
		{205AAA74-3E34-41C7-AFB1-39B94F602D81} = {205AAA74-3E34-41C7-AFB1-39B94F602D81}
		{1BFAAA89-4A02-4309-B585-9AF26088C779} = {1BFAAA89-4A02-4309-B585-9AF26088C779}
		{89822DD9-EA8A-4315-A07B-589B69F5A3A2} = {89822DD9-EA8A-4315-A07B-589B69F5A3A2}
	EndProjectSection
EndProject
Project("{8BC9CEB8-8B4A-11D0-8D11-00A0C91BC942}") = "Kashyyyk2UI", "src\Kashyyyk2UI.vcxproj", "{89822DD9-EA8A-4315-A07B-589B69F5A3A2}"
	ProjectSection(ProjectDependencies) = postProject
		{EB5F986A-9566-499F-BEC3-6E9DF3243BF1} = {EB5F986A-9566-499F-BEC3-6E9DF3243BF1}
		{1BFAAA89-4A02-4309-B585-9AF26088C779} = {1BFAAA89-4A02-4309-B585-9AF26088C779}
	EndProjectSection
EndProject
Project("{8BC9CEB8-8B4A-11D0-8D11-00A0C91BC942}") = "yyy_network", "src\network\yyy_network.vcxproj", "{EB5F986A-9566-499F-BEC3-6E9DF3243BF1}"
EndProject
Project("{8BC9CEB8-8B4A-11D0-8D11-00A0C91BC942}") = "yyy_thread", "src\yyy_thread.vcxproj", "{F0391344-B3CA-4896-BF92-EFA96BE72DC2}"
EndProject
Project("{8BC9CEB8-8B4A-11D0-8D11-00A0C91BC942}") = "yyy_monitor", "src\yyy_monitor.vcxproj", "{1BFAAA89-4A02-4309-B585-9AF26088C779}"
EndProject
Project("{8BC9CEB8-8B4A-11D0-8D11-00A0C91BC942}") = "yyy_chat", "src\yyy_chat.vcxproj", "{205AAA74-3E34-41C7-AFB1-39B94F602D81}"
EndProject
Project("{8BC9CEB8-8B4A-11D0-8D11-00A0C91BC942}") = "yyy_irc", "src\yyy_irc.vcxproj", "{1A177771-C5C0-455F-8ADC-D39EF6D26E25}"
EndProject
Project("{8BC9CEB8-8B4A-11D0-8D11-00A0C91BC942}") = "yyy_irc_test", "src\yyy_irc_test.vcxproj", "{72E1EB4B-2EDB-4C68-9FDC-7D29B2CAB0FD}"
	ProjectSection(ProjectDependencies) = postProject
		{1A177771-C5C0-455F-8ADC-D39EF6D26E25} = {1A177771-C5C0-455F-8ADC-D39EF6D26E25}
	EndProjectSection
EndProject
Global
	GlobalSection(SolutionConfigurationPlatforms) = preSolution
		Debug|x64 = Debug|x64
		Debug|x86 = Debug|x86
		Release|x64 = Release|x64
		Release|x86 = Release|x86
		ReleaseWithAsserts|x64 = ReleaseWithAsserts|x64
		ReleaseWithAsserts|x86 = ReleaseWithAsserts|x86
	EndGlobalSection
	GlobalSection(ProjectConfigurationPlatforms) = postSolution
		{6926CC57-555C-4A9F-AE1B-3A3E15434F94}.Debug|x64.ActiveCfg = Debug|x64
		{6926CC57-555C-4A9F-AE1B-3A3E15434F94}.Debug|x64.Build.0 = Debug|x64
		{6926CC57-555C-4A9F-AE1B-3A3E15434F94}.Debug|x86.ActiveCfg = Debug|Win32
		{6926CC57-555C-4A9F-AE1B-3A3E15434F94}.Debug|x86.Build.0 = Debug|Win32
		{6926CC57-555C-4A9F-AE1B-3A3E15434F94}.Release|x64.ActiveCfg = Release|x64
		{6926CC57-555C-4A9F-AE1B-3A3E15434F94}.Release|x64.Build.0 = Release|x64
		{6926CC57-555C-4A9F-AE1B-3A3E15434F94}.Release|x86.ActiveCfg = Release|Win32
		{6926CC57-555C-4A9F-AE1B-3A3E15434F94}.Release|x86.Build.0 = Release|Win32
		{6926CC57-555C-4A9F-AE1B-3A3E15434F94}.ReleaseWithAsserts|x64.ActiveCfg = ReleaseWithAsserts|x64
		{6926CC57-555C-4A9F-AE1B-3A3E15434F94}.ReleaseWithAsserts|x64.Build.0 = ReleaseWithAsserts|x64
		{6926CC57-555C-4A9F-AE1B-3A3E15434F94}.ReleaseWithAsserts|x86.ActiveCfg = ReleaseWithAsserts|Win32
		{6926CC57-555C-4A9F-AE1B-3A3E15434F94}.ReleaseWithAsserts|x86.Build.0 = ReleaseWithAsserts|Win32
		{89822DD9-EA8A-4315-A07B-589B69F5A3A2}.Debug|x64.ActiveCfg = Debug|x64
		{89822DD9-EA8A-4315-A07B-589B69F5A3A2}.Debug|x64.Build.0 = Debug|x64
		{89822DD9-EA8A-4315-A07B-589B69F5A3A2}.Debug|x86.ActiveCfg = Debug|Win32
		{89822DD9-EA8A-4315-A07B-589B69F5A3A2}.Debug|x86.Build.0 = Debug|Win32
		{89822DD9-EA8A-4315-A07B-589B69F5A3A2}.Release|x64.ActiveCfg = Release|x64
		{89822DD9-EA8A-4315-A07B-589B69F5A3A2}.Release|x64.Build.0 = Release|x64
		{89822DD9-EA8A-4315-A07B-589B69F5A3A2}.Release|x86.ActiveCfg = Release|Win32
		{89822DD9-EA8A-4315-A07B-589B69F5A3A2}.Release|x86.Build.0 = Release|Win32
		{89822DD9-EA8A-4315-A07B-589B69F5A3A2}.ReleaseWithAsserts|x64.ActiveCfg = Release|x64
		{89822DD9-EA8A-4315-A07B-589B69F5A3A2}.ReleaseWithAsserts|x64.Build.0 = Release|x64
		{89822DD9-EA8A-4315-A07B-589B69F5A3A2}.ReleaseWithAsserts|x86.ActiveCfg = Release|Win32
		{89822DD9-EA8A-4315-A07B-589B69F5A3A2}.ReleaseWithAsserts|x86.Build.0 = Release|Win32
		{EB5F986A-9566-499F-BEC3-6E9DF3243BF1}.Debug|x64.ActiveCfg = Debug|x64
		{EB5F986A-9566-499F-BEC3-6E9DF3243BF1}.Debug|x64.Build.0 = Debug|x64
		{EB5F986A-9566-499F-BEC3-6E9DF3243BF1}.Debug|x86.ActiveCfg = Debug|Win32
		{EB5F986A-9566-499F-BEC3-6E9DF3243BF1}.Debug|x86.Build.0 = Debug|Win32
		{EB5F986A-9566-499F-BEC3-6E9DF3243BF1}.Release|x64.ActiveCfg = Release|x64
		{EB5F986A-9566-499F-BEC3-6E9DF3243BF1}.Release|x64.Build.0 = Release|x64
		{EB5F986A-9566-499F-BEC3-6E9DF3243BF1}.Release|x86.ActiveCfg = Release|Win32
		{EB5F986A-9566-499F-BEC3-6E9DF3243BF1}.Release|x86.Build.0 = Release|Win32
		{EB5F986A-9566-499F-BEC3-6E9DF3243BF1}.ReleaseWithAsserts|x64.ActiveCfg = Release|x64
		{EB5F986A-9566-499F-BEC3-6E9DF3243BF1}.ReleaseWithAsserts|x64.Build.0 = Release|x64
		{EB5F986A-9566-499F-BEC3-6E9DF3243BF1}.ReleaseWithAsserts|x86.ActiveCfg = Release|Win32
		{EB5F986A-9566-499F-BEC3-6E9DF3243BF1}.ReleaseWithAsserts|x86.Build.0 = Release|Win32
		{F0391344-B3CA-4896-BF92-EFA96BE72DC2}.Debug|x64.ActiveCfg = Debug|x64
		{F0391344-B3CA-4896-BF92-EFA96BE72DC2}.Debug|x64.Build.0 = Debug|x64
		{F0391344-B3CA-4896-BF92-EFA96BE72DC2}.Debug|x86.ActiveCfg = Debug|Win32
		{F0391344-B3CA-4896-BF92-EFA96BE72DC2}.Debug|x86.Build.0 = Debug|Win32
		{F0391344-B3CA-4896-BF92-EFA96BE72DC2}.Release|x64.ActiveCfg = Release|x64
		{F0391344-B3CA-4896-BF92-EFA96BE72DC2}.Release|x64.Build.0 = Release|x64
		{F0391344-B3CA-4896-BF92-EFA96BE72DC2}.Release|x86.ActiveCfg = Release|Win32
		{F0391344-B3CA-4896-BF92-EFA96BE72DC2}.Release|x86.Build.0 = Release|Win32
		{F0391344-B3CA-4896-BF92-EFA96BE72DC2}.ReleaseWithAsserts|x64.ActiveCfg = Release|x64
		{F0391344-B3CA-4896-BF92-EFA96BE72DC2}.ReleaseWithAsserts|x64.Build.0 = Release|x64
		{F0391344-B3CA-4896-BF92-EFA96BE72DC2}.ReleaseWithAsserts|x86.ActiveCfg = ReleaseWithAsserts|Win32
		{F0391344-B3CA-4896-BF92-EFA96BE72DC2}.ReleaseWithAsserts|x86.Build.0 = ReleaseWithAsserts|Win32
		{1BFAAA89-4A02-4309-B585-9AF26088C779}.Debug|x64.ActiveCfg = Debug|x64
		{1BFAAA89-4A02-4309-B585-9AF26088C779}.Debug|x64.Build.0 = Debug|x64
		{1BFAAA89-4A02-4309-B585-9AF26088C779}.Debug|x86.ActiveCfg = Debug|Win32
		{1BFAAA89-4A02-4309-B585-9AF26088C779}.Debug|x86.Build.0 = Debug|Win32
		{1BFAAA89-4A02-4309-B585-9AF26088C779}.Release|x64.ActiveCfg = Release|x64
		{1BFAAA89-4A02-4309-B585-9AF26088C779}.Release|x64.Build.0 = Release|x64
		{1BFAAA89-4A02-4309-B585-9AF26088C779}.Release|x86.ActiveCfg = Release|Win32
		{1BFAAA89-4A02-4309-B585-9AF26088C779}.Release|x86.Build.0 = Release|Win32
		{1BFAAA89-4A02-4309-B585-9AF26088C779}.ReleaseWithAsserts|x64.ActiveCfg = ReleaseWithAsserts|x64
		{1BFAAA89-4A02-4309-B585-9AF26088C779}.ReleaseWithAsserts|x64.Build.0 = ReleaseWithAsserts|x64
		{1BFAAA89-4A02-4309-B585-9AF26088C779}.ReleaseWithAsserts|x86.ActiveCfg = ReleaseWithAsserts|Win32
		{1BFAAA89-4A02-4309-B585-9AF26088C779}.ReleaseWithAsserts|x86.Build.0 = ReleaseWithAsserts|Win32
		{205AAA74-3E34-41C7-AFB1-39B94F602D81}.Debug|x64.ActiveCfg = Debug|x64
		{205AAA74-3E34-41C7-AFB1-39B94F602D81}.Debug|x64.Build.0 = Debug|x64
		{205AAA74-3E34-41C7-AFB1-39B94F602D81}.Debug|x86.ActiveCfg = Debug|Win32
		{205AAA74-3E34-41C7-AFB1-39B94F602D81}.Debug|x86.Build.0 = Debug|Win32
		{205AAA74-3E34-41C7-AFB1-39B94F602D81}.Release|x64.ActiveCfg = Release|x64
		{205AAA74-3E34-41C7-AFB1-39B94F602D81}.Release|x64.Build.0 = Release|x64
		{205AAA74-3E34-41C7-AFB1-39B94F602D81}.Release|x86.ActiveCfg = Release|Win32
		{205AAA74-3E34-41C7-AFB1-39B94F602D81}.Release|x86.Build.0 = Release|Win32
		{205AAA74-3E34-41C7-AFB1-39B94F602D81}.ReleaseWithAsserts|x64.ActiveCfg = ReleaseWithAsserts|x64
		{205AAA74-3E34-41C7-AFB1-39B94F602D81}.ReleaseWithAsserts|x64.Build.0 = ReleaseWithAsserts|x64
		{205AAA74-3E34-41C7-AFB1-39B94F602D81}.ReleaseWithAsserts|x86.ActiveCfg = ReleaseWithAsserts|Win32
		{205AAA74-3E34-41C7-AFB1-39B94F602D81}.ReleaseWithAsserts|x86.Build.0 = ReleaseWithAsserts|Win32
		{1A177771-C5C0-455F-8ADC-D39EF6D26E25}.Debug|x64.ActiveCfg = Debug|x64
		{1A177771-C5C0-455F-8ADC-D39EF6D26E25}.Debug|x64.Build.0 = Debug|x64
		{1A177771-C5C0-455F-8ADC-D39EF6D26E25}.Debug|x86.ActiveCfg = Debug|Win32
		{1A177771-C5C0-455F-8ADC-D39EF6D26E25}.Debug|x86.Build.0 = Debug|Win32
		{1A177771-C5C0-455F-8ADC-D39EF6D26E25}.Release|x64.ActiveCfg = Release|x64
		{1A177771-C5C0-455F-8ADC-D39EF6D26E25}.Release|x64.Build.0 = Release|x64
		{1A177771-C5C0-455F-8ADC-D39EF6D26E25}.Release|x86.ActiveCfg = Release|Win32
		{1A177771-C5C0-455F-8ADC-D39EF6D26E25}.Release|x86.Build.0 = Release|Win32
		{1A177771-C5C0-455F-8ADC-D39EF6D26E25}.ReleaseWithAsserts|x64.ActiveCfg = ReleaseWithAsserts|x64
		{1A177771-C5C0-455F-8ADC-D39EF6D26E25}.ReleaseWithAsserts|x64.Build.0 = ReleaseWithAsserts|x64
		{1A177771-C5C0-455F-8ADC-D39EF6D26E25}.ReleaseWithAsserts|x86.ActiveCfg = ReleaseWithAsserts|Win32
		{1A177771-C5C0-455F-8ADC-D39EF6D26E25}.ReleaseWithAsserts|x86.Build.0 = ReleaseWithAsserts|Win32
		{72E1EB4B-2EDB-4C68-9FDC-7D29B2CAB0FD}.Debug|x64.ActiveCfg = Debug|x64
		{72E1EB4B-2EDB-4C68-9FDC-7D29B2CAB0FD}.Debug|x64.Build.0 = Debug|x64
		{72E1EB4B-2EDB-4C68-9FDC-7D29B2CAB0FD}.Debug|x86.ActiveCfg = Debug|Win32
		{72E1EB4B-2EDB-4C68-9FDC-7D29B2CAB0FD}.Debug|x86.Build.0 = Debug|Win32
		{72E1EB4B-2EDB-4C68-9FDC-7D29B2CAB0FD}.Release|x64.ActiveCfg = Debug|x64
		{72E1EB4B-2EDB-4C68-9FDC-7D29B2CAB0FD}.Release|x64.Build.0 = Debug|x64
		{72E1EB4B-2EDB-4C68-9FDC-7D29B2CAB0FD}.Release|x86.ActiveCfg = Debug|Win32
		{72E1EB4B-2EDB-4C68-9FDC-7D29B2CAB0FD}.Release|x86.Build.0 = Debug|Win32
		{72E1EB4B-2EDB-4C68-9FDC-7D29B2CAB0FD}.ReleaseWithAsserts|x64.ActiveCfg = Debug|x64
		{72E1EB4B-2EDB-4C68-9FDC-7D29B2CAB0FD}.ReleaseWithAsserts|x64.Build.0 = Debug|x64
		{72E1EB4B-2EDB-4C68-9FDC-7D29B2CAB0FD}.ReleaseWithAsserts|x86.ActiveCfg = Debug|Win32
		{72E1EB4B-2EDB-4C68-9FDC-7D29B2CAB0FD}.ReleaseWithAsserts|x86.Build.0 = Debug|Win32
	EndGlobalSection
	GlobalSection(SolutionProperties) = preSolution
		HideSolutionNode = FALSE
	EndGlobalSection
EndGlobal
